
Microsoft Visual Studio Solution File, Format Version 12.00
# Visual Studio 15
VisualStudioVersion = 15.0.27428.2011
MinimumVisualStudioVersion = 10.0.40219.1
Project("{FAE04EC0-301F-11D3-BF4B-00C04F79EFBC}") = "WSTest", "WSTest\WSTest.csproj", "{F1388B31-6242-4DDA-8532-02AD512E440A}"
EndProject
Project("{FAE04EC0-301F-11D3-BF4B-00C04F79EFBC}") = "Mbhform", "Mbhform\Mbhform.csproj", "{736EFD5B-54F9-4BF8-A932-9DE571C22271}"
EndProject
Global
	GlobalSection(SolutionConfigurationPlatforms) = preSolution
		Debug|Any CPU = Debug|Any CPU
		Release|Any CPU = Release|Any CPU
	EndGlobalSection
	GlobalSection(ProjectConfigurationPlatforms) = postSolution
		{F1388B31-6242-4DDA-8532-02AD512E440A}.Debug|Any CPU.ActiveCfg = Debug|Any CPU
		{F1388B31-6242-4DDA-8532-02AD512E440A}.Debug|Any CPU.Build.0 = Debug|Any CPU
		{F1388B31-6242-4DDA-8532-02AD512E440A}.Release|Any CPU.ActiveCfg = Release|Any CPU
		{F1388B31-6242-4DDA-8532-02AD512E440A}.Release|Any CPU.Build.0 = Release|Any CPU
		{736EFD5B-54F9-4BF8-A932-9DE571C22271}.Debug|Any CPU.ActiveCfg = Debug|Any CPU
		{736EFD5B-54F9-4BF8-A932-9DE571C22271}.Debug|Any CPU.Build.0 = Debug|Any CPU
		{736EFD5B-54F9-4BF8-A932-9DE571C22271}.Release|Any CPU.ActiveCfg = Release|Any CPU
		{736EFD5B-54F9-4BF8-A932-9DE571C22271}.Release|Any CPU.Build.0 = Release|Any CPU
	EndGlobalSection
	GlobalSection(SolutionProperties) = preSolution
		HideSolutionNode = FALSE
	EndGlobalSection
	GlobalSection(ExtensibilityGlobals) = postSolution
		SolutionGuid = {D009AA58-306D-4940-AACB-DE31E67BDE7A}
	EndGlobalSection
EndGlobal
